
Microsoft Visual Studio Solution File, Format Version 12.00
# Visual Studio 2012
Project("{FAE04EC0-301F-11D3-BF4B-00C04F79EFBC}") = "WindowsFormsApplication1", "WindowsFormsApplication1\WindowsFormsApplication1.csproj", "{A222D6EB-1918-4300-AEE5-04E6397AA14A}"
EndProject
Global
	GlobalSection(SolutionConfigurationPlatforms) = preSolution
		Debug|Any CPU = Debug|Any CPU
		Release|Any CPU = Release|Any CPU
	EndGlobalSection
	GlobalSection(ProjectConfigurationPlatforms) = postSolution
		{A222D6EB-1918-4300-AEE5-04E6397AA14A}.Debug|Any CPU.ActiveCfg = Debug|Any CPU
		{A222D6EB-1918-4300-AEE5-04E6397AA14A}.Debug|Any CPU.Build.0 = Debug|Any CPU
		{A222D6EB-1918-4300-AEE5-04E6397AA14A}.Release|Any CPU.ActiveCfg = Release|Any CPU
		{A222D6EB-1918-4300-AEE5-04E6397AA14A}.Release|Any CPU.Build.0 = Release|Any CPU
	EndGlobalSection
	GlobalSection(SolutionProperties) = preSolution
		HideSolutionNode = FALSE
	EndGlobalSection
EndGlobal
